
Microsoft Visual Studio Solution File, Format Version 12.00
# Visual Studio Version 17
VisualStudioVersion = 17.5.33516.290
MinimumVisualStudioVersion = 10.0.40219.1
Project("{9A19103F-16F7-4668-BE54-9A1E7A4F7556}") = "BachelorsProject", "BachelorsProject\BachelorsProject.csproj", "{7FE7629F-A91F-4B22-91B1-D9FC3528AE71}"
EndProject
Project("{FAE04EC0-301F-11D3-BF4B-00C04F79EFBC}") = "BachelorsProject.UnitTests", "BachelorsProject.UnitTests\BachelorsProject.UnitTests.csproj", "{E22CCEB3-145B-43B4-BD11-1A6439429707}"
EndProject
Project("{FAE04EC0-301F-11D3-BF4B-00C04F79EFBC}") = "BachelorsProject.IntegrationTest", "BachelorsProject.IntegrationTest\BachelorsProject.IntegrationTest.csproj", "{60F8A1D3-71CE-4AC2-B34B-A5754CE8D9D1}"
EndProject
Project("{2150E333-8FDC-42A3-9474-1A3956D46DE8}") = "Solution Items", "Solution Items", "{27636E6D-32DF-4B1C-8575-DC5C7DFB8F98}"
	ProjectSection(SolutionItems) = preProject
		.editorconfig = .editorconfig
	EndProjectSection
EndProject
Global
	GlobalSection(SolutionConfigurationPlatforms) = preSolution
		Debug|Any CPU = Debug|Any CPU
		Release|Any CPU = Release|Any CPU
	EndGlobalSection
	GlobalSection(ProjectConfigurationPlatforms) = postSolution
		{7FE7629F-A91F-4B22-91B1-D9FC3528AE71}.Debug|Any CPU.ActiveCfg = Debug|Any CPU
		{7FE7629F-A91F-4B22-91B1-D9FC3528AE71}.Debug|Any CPU.Build.0 = Debug|Any CPU
		{7FE7629F-A91F-4B22-91B1-D9FC3528AE71}.Release|Any CPU.ActiveCfg = Release|Any CPU
		{7FE7629F-A91F-4B22-91B1-D9FC3528AE71}.Release|Any CPU.Build.0 = Release|Any CPU
		{E22CCEB3-145B-43B4-BD11-1A6439429707}.Debug|Any CPU.ActiveCfg = Debug|Any CPU
		{E22CCEB3-145B-43B4-BD11-1A6439429707}.Debug|Any CPU.Build.0 = Debug|Any CPU
		{E22CCEB3-145B-43B4-BD11-1A6439429707}.Release|Any CPU.ActiveCfg = Release|Any CPU
		{E22CCEB3-145B-43B4-BD11-1A6439429707}.Release|Any CPU.Build.0 = Release|Any CPU
		{60F8A1D3-71CE-4AC2-B34B-A5754CE8D9D1}.Debug|Any CPU.ActiveCfg = Debug|Any CPU
		{60F8A1D3-71CE-4AC2-B34B-A5754CE8D9D1}.Debug|Any CPU.Build.0 = Debug|Any CPU
		{60F8A1D3-71CE-4AC2-B34B-A5754CE8D9D1}.Release|Any CPU.ActiveCfg = Release|Any CPU
		{60F8A1D3-71CE-4AC2-B34B-A5754CE8D9D1}.Release|Any CPU.Build.0 = Release|Any CPU
	EndGlobalSection
	GlobalSection(SolutionProperties) = preSolution
		HideSolutionNode = FALSE
	EndGlobalSection
	GlobalSection(ExtensibilityGlobals) = postSolution
		SolutionGuid = {88E48209-D656-4F38-A75B-947022C5BAD8}
	EndGlobalSection
EndGlobal
